
Microsoft Visual Studio Solution File, Format Version 12.00
# Visual Studio Version 17
VisualStudioVersion = 17.10.34814.14
MinimumVisualStudioVersion = 10.0.40219.1
Project("{9A19103F-16F7-4668-BE54-9A1E7A4F7556}") = "AspNetCore-OpenTelemetry-Studies", "AspNetCore-OpenTelemetry-Studies.csproj", "{14F024AF-BCA0-4C28-98A2-EA35E79B5295}"
EndProject
Global
	GlobalSection(SolutionConfigurationPlatforms) = preSolution
		Debug|Any CPU = Debug|Any CPU
		Release|Any CPU = Release|Any CPU
	EndGlobalSection
	GlobalSection(ProjectConfigurationPlatforms) = postSolution
		{14F024AF-BCA0-4C28-98A2-EA35E79B5295}.Debug|Any CPU.ActiveCfg = Debug|Any CPU
		{14F024AF-BCA0-4C28-98A2-EA35E79B5295}.Debug|Any CPU.Build.0 = Debug|Any CPU
		{14F024AF-BCA0-4C28-98A2-EA35E79B5295}.Release|Any CPU.ActiveCfg = Release|Any CPU
		{14F024AF-BCA0-4C28-98A2-EA35E79B5295}.Release|Any CPU.Build.0 = Release|Any CPU
	EndGlobalSection
	GlobalSection(SolutionProperties) = preSolution
		HideSolutionNode = FALSE
	EndGlobalSection
	GlobalSection(ExtensibilityGlobals) = postSolution
		SolutionGuid = {1A98827C-0273-48B8-BAB9-08CB10436F5B}
	EndGlobalSection
EndGlobal
